// !$*UTF8*$!
{
	archiveVersion = 1;
	classes = {
	};
	objectVersion = 54;
	objects = {

/* Begin PBXBuildFile section */
		"142EE40F-AEEC-4FEE-AA22-D8C3FC95CECA" /* encoder.c in Sources */ = {isa = PBXBuildFile; fileRef = "8D2A7FB4-5FD7-470E-A455-CCE6C096F715" /* encoder.c */; };
		"8B9D45F1-72D8-4E59-B6A5-1D002656EBC2" /* timecode.c in Sources */ = {isa = PBXBuildFile; fileRef = "2F3C1458-605C-45C8-9212-005E0D8FC23A" /* timecode.c */; };
		"A55DADFA-9CEA-409B-99B3-44FFBE840A10" /* decoder.c in Sources */ = {isa = PBXBuildFile; fileRef = "B22E66C8-A544-4B95-A22E-B502C8D2FF93" /* decoder.c */; };
		"D719FAC3-D895-4643-80DF-D8FFCB828886" /* ltc.c in Sources */ = {isa = PBXBuildFile; fileRef = "3B9A83FB-35B3-4DF7-949F-037C53C95C49" /* ltc.c */; };
		E4B69E210A3A1BDC003C02F2 /* ofApp.cpp in Sources */ = {isa = PBXBuildFile; fileRef = E4B69E1E0A3A1BDC003C02F2 /* ofApp.cpp */; };
/* End PBXBuildFile section */

/* Begin PBXCopyFilesBuildPhase section */
		E4A5B60F29BAAAE400C2D356 /* CopyFiles */ = {
			isa = PBXCopyFilesBuildPhase;
			buildActionMask = 2147483647;
			dstPath = "";
			dstSubfolderSpec = 6;
			files = (
			);
			runOnlyForDeploymentPostprocessing = 0;
		};
		E4C2427710CC5ABF004149E2 /* CopyFiles */ = {
			isa = PBXCopyFilesBuildPhase;
			buildActionMask = 2147483647;
			dstPath = "";
			dstSubfolderSpec = 10;
			files = (
			);
			runOnlyForDeploymentPostprocessing = 0;
		};
/* End PBXCopyFilesBuildPhase section */

/* Begin PBXFileReference section */
		"0983F597-3B68-4630-B0A2-EC8BB9AA3780" /* ofxLTC.h */ = {isa = PBXFileReference; explicitFileType = sourcecode.c.h; fileEncoding = 4; name = ofxLTC.h; path = ../../../addons/ofxLTC/src/ofxLTC.h; sourceTree = SOURCE_ROOT; };
		191CD6FA2847E21E0085CBB6 /* of.entitlements */ = {isa = PBXFileReference; fileEncoding = 4; lastKnownFileType = text.plist.entitlements; path = of.entitlements; sourceTree = "<group>"; };
		191EF70929D778A400F35F26 /* openFrameworks */ = {isa = PBXFileReference; lastKnownFileType = folder; name = openFrameworks; path = ../../../libs/openFrameworks; sourceTree = SOURCE_ROOT; };
		"2F3C1458-605C-45C8-9212-005E0D8FC23A" /* timecode.c */ = {isa = PBXFileReference; explicitFileType = sourcecode.c.c; fileEncoding = 4; name = timecode.c; path = ../../../addons/ofxLTC/libs/libltc/src/timecode.c; sourceTree = SOURCE_ROOT; };
		"3B9A83FB-35B3-4DF7-949F-037C53C95C49" /* ltc.c */ = {isa = PBXFileReference; explicitFileType = sourcecode.c.c; fileEncoding = 4; name = ltc.c; path = ../../../addons/ofxLTC/libs/libltc/src/ltc.c; sourceTree = SOURCE_ROOT; };
		"65A107D2-519C-4194-A302-C6DC11BF0244" /* decoder.h */ = {isa = PBXFileReference; explicitFileType = sourcecode.c.h; fileEncoding = 4; name = decoder.h; path = ../../../addons/ofxLTC/libs/libltc/src/decoder.h; sourceTree = SOURCE_ROOT; };
		"6DA0E672-DEC5-4A61-BFCE-88059FB152BD" /* encoder.h */ = {isa = PBXFileReference; explicitFileType = sourcecode.c.h; fileEncoding = 4; name = encoder.h; path = ../../../addons/ofxLTC/libs/libltc/src/encoder.h; sourceTree = SOURCE_ROOT; };
		"7A321D60-1BD1-40DA-A8B0-00F5AE5BC44A" /* ltc.h */ = {isa = PBXFileReference; explicitFileType = sourcecode.c.h; fileEncoding = 4; name = ltc.h; path = ../../../addons/ofxLTC/libs/libltc/src/ltc.h; sourceTree = SOURCE_ROOT; };
		"8D2A7FB4-5FD7-470E-A455-CCE6C096F715" /* encoder.c */ = {isa = PBXFileReference; explicitFileType = sourcecode.c.c; fileEncoding = 4; name = encoder.c; path = ../../../addons/ofxLTC/libs/libltc/src/encoder.c; sourceTree = SOURCE_ROOT; };
		"B22E66C8-A544-4B95-A22E-B502C8D2FF93" /* decoder.c */ = {isa = PBXFileReference; explicitFileType = sourcecode.c.c; fileEncoding = 4; name = decoder.c; path = ../../../addons/ofxLTC/libs/libltc/src/decoder.c; sourceTree = SOURCE_ROOT; };
		E4B69B5B0A3A1756003C02F2 /* receive_exampleDebug.app */ = {isa = PBXFileReference; explicitFileType = wrapper.application; includeInIndex = 0; path = receive_exampleDebug.app; sourceTree = BUILT_PRODUCTS_DIR; };
		E4B69E1E0A3A1BDC003C02F2 /* ofApp.cpp */ = {isa = PBXFileReference; explicitFileType = sourcecode.cpp.cpp; fileEncoding = 4; name = ofApp.cpp; path = src/ofApp.cpp; sourceTree = SOURCE_ROOT; };
		E4B6FCAD0C3E899E008CF71C /* openFrameworks-Info.plist */ = {isa = PBXFileReference; fileEncoding = 4; lastKnownFileType = text.plist.xml; path = "openFrameworks-Info.plist"; sourceTree = "<group>"; };
		E4EB6923138AFD0F00A09F29 /* Project.xcconfig */ = {isa = PBXFileReference; fileEncoding = 4; lastKnownFileType = text.xcconfig; path = Project.xcconfig; sourceTree = "<group>"; };
		"F210595F-D3D3-45C2-B3B6-D5CBEEDDE8AF" /* config.h */ = {isa = PBXFileReference; explicitFileType = sourcecode.c.h; fileEncoding = 4; name = config.h; path = ../../../addons/ofxLTC/libs/libltc/src/config.h; sourceTree = SOURCE_ROOT; };
/* End PBXFileReference section */

/* Begin PBXFrameworksBuildPhase section */
		E4B69B590A3A1756003C02F2 /* Frameworks */ = {
			isa = PBXFrameworksBuildPhase;
			buildActionMask = 2147483647;
			files = (
			);
			runOnlyForDeploymentPostprocessing = 0;
		};
/* End PBXFrameworksBuildPhase section */

/* Begin PBXGroup section */
		"17C6270D-044A-49D0-8235-3FE583072D7A" /* libs */ = {
			isa = PBXGroup;
			children = (
				"AA3005C9-D68C-40E4-AAA3-3A9BD7E08A94" /* libltc */,
			);
			name = libs;
			path = ../../../addons/ofxLTC/libs;
			sourceTree = SOURCE_ROOT;
		};
		"1B552ACF-06C4-4DBB-8D97-A70EA0390522" /* src */ = {
			isa = PBXGroup;
			children = (
				"0983F597-3B68-4630-B0A2-EC8BB9AA3780" /* ofxLTC.h */,
			);
			name = src;
			path = ../../../addons/ofxLTC/src;
			sourceTree = SOURCE_ROOT;
		};
		"6305F0F1-2C70-44B6-A18D-8E4354E8C82B" /* ofxLTC */ = {
			isa = PBXGroup;
			children = (
				"17C6270D-044A-49D0-8235-3FE583072D7A" /* libs */,
				"1B552ACF-06C4-4DBB-8D97-A70EA0390522" /* src */,
			);
			name = ofxLTC;
			path = ../../../addons/ofxLTC;
			sourceTree = SOURCE_ROOT;
		};
		"AA3005C9-D68C-40E4-AAA3-3A9BD7E08A94" /* libltc */ = {
			isa = PBXGroup;
			children = (
				"BB388346-1DBE-448F-A3F0-EDC8519F05E8" /* src */,
			);
			name = libltc;
			path = ../../../addons/ofxLTC/libs/libltc;
			sourceTree = SOURCE_ROOT;
		};
		"BB388346-1DBE-448F-A3F0-EDC8519F05E8" /* src */ = {
			isa = PBXGroup;
			children = (
				"F210595F-D3D3-45C2-B3B6-D5CBEEDDE8AF" /* config.h */,
				"B22E66C8-A544-4B95-A22E-B502C8D2FF93" /* decoder.c */,
				"65A107D2-519C-4194-A302-C6DC11BF0244" /* decoder.h */,
				"8D2A7FB4-5FD7-470E-A455-CCE6C096F715" /* encoder.c */,
				"6DA0E672-DEC5-4A61-BFCE-88059FB152BD" /* encoder.h */,
				"3B9A83FB-35B3-4DF7-949F-037C53C95C49" /* ltc.c */,
				"7A321D60-1BD1-40DA-A8B0-00F5AE5BC44A" /* ltc.h */,
				"2F3C1458-605C-45C8-9212-005E0D8FC23A" /* timecode.c */,
			);
			name = src;
			path = ../../../addons/ofxLTC/libs/libltc/src;
			sourceTree = SOURCE_ROOT;
		};
		BB4B014C10F69532006C3DED /* addons */ = {
			isa = PBXGroup;
			children = (
				"6305F0F1-2C70-44B6-A18D-8E4354E8C82B" /* ofxLTC */,
			);
			name = addons;
			path = ../../../addons;
			sourceTree = "<group>";
		};
		E4B69B4A0A3A1720003C02F2 = {
			isa = PBXGroup;
			children = (
				191CD6FA2847E21E0085CBB6 /* of.entitlements */,
				E4B6FCAD0C3E899E008CF71C /* openFrameworks-Info.plist */,
				E4EB6923138AFD0F00A09F29 /* Project.xcconfig */,
				E4B69E1C0A3A1BDC003C02F2 /* src */,
				191EF70929D778A400F35F26 /* openFrameworks */,
				BB4B014C10F69532006C3DED /* addons */,
				E4B69B5B0A3A1756003C02F2 /* receive_exampleDebug.app */,
			);
			sourceTree = "<group>";
		};
		E4B69E1C0A3A1BDC003C02F2 /* src */ = {
			isa = PBXGroup;
			children = (
				E4B69E1E0A3A1BDC003C02F2 /* ofApp.cpp */,
			);
			path = src;
			sourceTree = SOURCE_ROOT;
		};
/* End PBXGroup section */

/* Begin PBXNativeTarget section */
		E4B69B5A0A3A1756003C02F2 /* receive_example */ = {
			isa = PBXNativeTarget;
			buildConfigurationList = E4B69B5F0A3A1757003C02F2 /* Build configuration list for PBXNativeTarget "receive_example" */;
			buildPhases = (
				E42962A92163ECCD00A6A9E2 /* Run Script — Compile OF */,
				E4B69B580A3A1756003C02F2 /* Sources */,
				E4B69B590A3A1756003C02F2 /* Frameworks */,
				E4C2427710CC5ABF004149E2 /* CopyFiles */,
				E4A5B60F29BAAAE400C2D356 /* CopyFiles */,
				19B789C429E5AB4A0082E9B8 /* ShellScript */,
			);
			buildRules = (
			);
			dependencies = (
			);
			name = receive_example;
			productName = myOFApp;
			productReference = E4B69B5B0A3A1756003C02F2 /* receive_exampleDebug.app */;
			productType = "com.apple.product-type.application";
		};
/* End PBXNativeTarget section */

/* Begin PBXProject section */
		E4B69B4C0A3A1720003C02F2 /* Project object */ = {
			isa = PBXProject;
			attributes = {
				LastUpgradeCheck = 0600;
			};
			buildConfigurationList = E4B69B4D0A3A1720003C02F2 /* Build configuration list for PBXProject "receive_example" */;
			compatibilityVersion = "Xcode 3.2";
			developmentRegion = en;
			hasScannedForEncodings = 0;
			knownRegions = (
				en,
				Base,
			);
			mainGroup = E4B69B4A0A3A1720003C02F2;
			productRefGroup = E4B69B4A0A3A1720003C02F2;
			projectDirPath = "";
			projectRoot = "";
			targets = (
				E4B69B5A0A3A1756003C02F2 /* receive_example */,
			);
		};
/* End PBXProject section */

/* Begin PBXShellScriptBuildPhase section */
		19B789C429E5AB4A0082E9B8 /* ShellScript */ = {
			isa = PBXShellScriptBuildPhase;
			buildActionMask = 2147483647;
			files = (
			);
			inputFileListPaths = (
			);
			inputPaths = (
			);
			outputFileListPaths = (
			);
			outputPaths = (
			);
			runOnlyForDeploymentPostprocessing = 0;
			shellPath = /bin/sh;
			shellScript = "\"$OF_PATH/scripts/osx/xcode_project.sh\"\n";
			showEnvVarsInLog = 0;
		};
		E42962A92163ECCD00A6A9E2 /* Run Script — Compile OF */ = {
			isa = PBXShellScriptBuildPhase;
			alwaysOutOfDate = 1;
			buildActionMask = 2147483647;
			files = (
			);
			inputPaths = (
			);
			name = "Run Script — Compile OF";
			outputPaths = (
			);
			runOnlyForDeploymentPostprocessing = 0;
			shellPath = /bin/sh;
			shellScript = "echo \"💾 Compiling Openframeworks\"\nxcodebuild -project \"$OF_PATH/libs/openFrameworksCompiled/project/osx/openFrameworksLib.xcodeproj\" -target openFrameworks -configuration \"${CONFIGURATION}\"  CLANG_CXX_LANGUAGE_STANDARD=$CLANG_CXX_LANGUAGE_STANDARD MACOSX_DEPLOYMENT_TARGET=$MACOSX_DEPLOYMENT_TARGET GCC_PREPROCESSOR_DEFINITIONS=$USER_PREPROCESSOR_DEFINITIONS\n";
			showEnvVarsInLog = 0;
		};
/* End PBXShellScriptBuildPhase section */

/* Begin PBXSourcesBuildPhase section */
		E4B69B580A3A1756003C02F2 /* Sources */ = {
			isa = PBXSourcesBuildPhase;
			buildActionMask = 2147483647;
			files = (
				E4B69E210A3A1BDC003C02F2 /* ofApp.cpp in Sources */,
				"A55DADFA-9CEA-409B-99B3-44FFBE840A10" /* decoder.c in Sources */,
				"142EE40F-AEEC-4FEE-AA22-D8C3FC95CECA" /* encoder.c in Sources */,
				"D719FAC3-D895-4643-80DF-D8FFCB828886" /* ltc.c in Sources */,
				"8B9D45F1-72D8-4E59-B6A5-1D002656EBC2" /* timecode.c in Sources */,
			);
			runOnlyForDeploymentPostprocessing = 0;
		};
/* End PBXSourcesBuildPhase section */

/* Begin XCBuildConfiguration section */
		E4B69B4E0A3A1720003C02F2 /* Debug */ = {
			isa = XCBuildConfiguration;
			baseConfigurationReference = E4EB6923138AFD0F00A09F29 /* Project.xcconfig */;
			buildSettings = {
				CODE_SIGN_ENTITLEMENTS = of.entitlements;
				COPY_PHASE_STRIP = NO;
				ENABLE_TESTABILITY = YES;
				GCC_OPTIMIZATION_LEVEL = 0;
				GCC_WARN_UNUSED_VARIABLE = NO;
				HEADER_SEARCH_PATHS = (
					"$(OF_CORE_HEADERS)",
					src,
				);
				OTHER_CPLUSPLUSFLAGS = "-D__MACOSX_CORE__";
			};
			name = Debug;
		};
		E4B69B4F0A3A1720003C02F2 /* Release */ = {
			isa = XCBuildConfiguration;
			baseConfigurationReference = E4EB6923138AFD0F00A09F29 /* Project.xcconfig */;
			buildSettings = {
				CODE_SIGN_ENTITLEMENTS = of.entitlements;
				COPY_PHASE_STRIP = YES;
				GCC_OPTIMIZATION_LEVEL = 3;
				GCC_UNROLL_LOOPS = YES;
				HEADER_SEARCH_PATHS = (
					"$(OF_CORE_HEADERS)",
					src,
				);
				OTHER_CPLUSPLUSFLAGS = "-D__MACOSX_CORE__";
			};
			name = Release;
		};
		E4B69B600A3A1757003C02F2 /* Debug */ = {
			isa = XCBuildConfiguration;
			baseConfigurationReference = E4EB6923138AFD0F00A09F29 /* Project.xcconfig */;
			buildSettings = {
				ARCHS = "$(ARCHS_STANDARD)";
				COPY_PHASE_STRIP = NO;
				FRAMEWORK_SEARCH_PATHS = "$(inherited)";
				GCC_DYNAMIC_NO_PIC = NO;
				HEADER_SEARCH_PATHS = (
					"$(OF_CORE_HEADERS)",
					src,
					src,
					../../../addons/ofxLTC/libs,
					../../../addons/ofxLTC/libs/libltc,
					../../../addons/ofxLTC/libs/libltc/src,
					../../../addons/ofxLTC/src,
				);
				LIBRARY_SEARCH_PATHS = "$(inherited)";
				OTHER_LDFLAGS = (
					"$(OF_CORE_LIBS)",
					"$(OF_CORE_FRAMEWORKS)",
					"$(LIB_OF_DEBUG)",
				);
			};
			name = Debug;
		};
		E4B69B610A3A1757003C02F2 /* Release */ = {
			isa = XCBuildConfiguration;
			baseConfigurationReference = E4EB6923138AFD0F00A09F29 /* Project.xcconfig */;
			buildSettings = {
				ARCHS = "$(ARCHS_STANDARD)";
				COPY_PHASE_STRIP = YES;
				FRAMEWORK_SEARCH_PATHS = "$(inherited)";
				HEADER_SEARCH_PATHS = (
					"$(OF_CORE_HEADERS)",
					src,
					src,
					../../../addons/ofxLTC/libs,
					../../../addons/ofxLTC/libs/libltc,
					../../../addons/ofxLTC/libs/libltc/src,
					../../../addons/ofxLTC/src,
				);
				LIBRARY_SEARCH_PATHS = "$(inherited)";
				OTHER_LDFLAGS = (
					"$(OF_CORE_LIBS)",
					"$(OF_CORE_FRAMEWORKS)",
					"$(LIB_OF)",
				);
				baseConfigurationReference = E4EB6923138AFD0F00A09F29;
			};
			name = Release;
		};
/* End XCBuildConfiguration section */

/* Begin XCConfigurationList section */
		E4B69B4D0A3A1720003C02F2 /* Build configuration list for PBXProject "receive_example" */ = {
			isa = XCConfigurationList;
			buildConfigurations = (
				E4B69B4E0A3A1720003C02F2 /* Debug */,
				E4B69B4F0A3A1720003C02F2 /* Release */,
			);
			defaultConfigurationIsVisible = 0;
			defaultConfigurationName = Release;
		};
		E4B69B5F0A3A1757003C02F2 /* Build configuration list for PBXNativeTarget "receive_example" */ = {
			isa = XCConfigurationList;
			buildConfigurations = (
				E4B69B600A3A1757003C02F2 /* Debug */,
				E4B69B610A3A1757003C02F2 /* Release */,
			);
			defaultConfigurationIsVisible = 0;
			defaultConfigurationName = Release;
		};
/* End XCConfigurationList section */
	};
	rootObject = E4B69B4C0A3A1720003C02F2 /* Project object */;
}
